
Microsoft Visual Studio Solution File, Format Version 12.00
# Visual Studio Version 16
VisualStudioVersion = 16.0.31313.79
MinimumVisualStudioVersion = 10.0.40219.1
Project("{FAE04EC0-301F-11D3-BF4B-00C04F79EFBC}") = "WebAPI", "WebAPI\WebAPI.csproj", "{61FB1FD2-4AF8-4368-888A-00740C9DBEAF}"
EndProject
Global
	GlobalSection(SolutionConfigurationPlatforms) = preSolution
		Debug|Any CPU = Debug|Any CPU
		Release|Any CPU = Release|Any CPU
	EndGlobalSection
	GlobalSection(ProjectConfigurationPlatforms) = postSolution
		{61FB1FD2-4AF8-4368-888A-00740C9DBEAF}.Debug|Any CPU.ActiveCfg = Debug|Any CPU
		{61FB1FD2-4AF8-4368-888A-00740C9DBEAF}.Debug|Any CPU.Build.0 = Debug|Any CPU
		{61FB1FD2-4AF8-4368-888A-00740C9DBEAF}.Release|Any CPU.ActiveCfg = Release|Any CPU
		{61FB1FD2-4AF8-4368-888A-00740C9DBEAF}.Release|Any CPU.Build.0 = Release|Any CPU
	EndGlobalSection
	GlobalSection(SolutionProperties) = preSolution
		HideSolutionNode = FALSE
	EndGlobalSection
	GlobalSection(ExtensibilityGlobals) = postSolution
		SolutionGuid = {E9D12A4F-1534-4395-BB88-CE954A15F301}
	EndGlobalSection
EndGlobal
